// !$*UTF8*$!
{
	archiveVersion = 1;
	classes = {
	};
	objectVersion = 50;
	objects = {

/* Begin PBXBuildFile section */
		C2082492224DE6420025A550 /* AppDelegate.swift in Sources */ = {isa = PBXBuildFile; fileRef = C2082491224DE6420025A550 /* AppDelegate.swift */; };
		C2082494224DE6420025A550 /* ViewController.swift in Sources */ = {isa = PBXBuildFile; fileRef = C2082493224DE6420025A550 /* ViewController.swift */; };
		C2082497224DE6420025A550 /* Main.storyboard in Resources */ = {isa = PBXBuildFile; fileRef = C2082495224DE6420025A550 /* Main.storyboard */; };
		C2082499224DE64D0025A550 /* Assets.xcassets in Resources */ = {isa = PBXBuildFile; fileRef = C2082498224DE64D0025A550 /* Assets.xcassets */; };
		C208249C224DE64D0025A550 /* LaunchScreen.storyboard in Resources */ = {isa = PBXBuildFile; fileRef = C208249A224DE64D0025A550 /* LaunchScreen.storyboard */; };
		C20824A7224DE64D0025A550 /* ReteiveImageFromUrlTests.swift in Sources */ = {isa = PBXBuildFile; fileRef = C20824A6224DE64D0025A550 /* ReteiveImageFromUrlTests.swift */; };
		C20824B2224DE64D0025A550 /* ReteiveImageFromUrlUITests.swift in Sources */ = {isa = PBXBuildFile; fileRef = C20824B1224DE64D0025A550 /* ReteiveImageFromUrlUITests.swift */; };
		C20824C0224DE88C0025A550 /* ImageTableViewCell.swift in Sources */ = {isa = PBXBuildFile; fileRef = C20824BF224DE88C0025A550 /* ImageTableViewCell.swift */; };
/* End PBXBuildFile section */

/* Begin PBXContainerItemProxy section */
		C20824A3224DE64D0025A550 /* PBXContainerItemProxy */ = {
			isa = PBXContainerItemProxy;
			containerPortal = C2082486224DE6420025A550 /* Project object */;
			proxyType = 1;
			remoteGlobalIDString = C208248D224DE6420025A550;
			remoteInfo = ReteiveImageFromUrl;
		};
		C20824AE224DE64D0025A550 /* PBXContainerItemProxy */ = {
			isa = PBXContainerItemProxy;
			containerPortal = C2082486224DE6420025A550 /* Project object */;
			proxyType = 1;
			remoteGlobalIDString = C208248D224DE6420025A550;
			remoteInfo = ReteiveImageFromUrl;
		};
/* End PBXContainerItemProxy section */

/* Begin PBXFileReference section */
		C208248E224DE6420025A550 /* ReteiveImageFromUrl.app */ = {isa = PBXFileReference; explicitFileType = wrapper.application; includeInIndex = 0; path = ReteiveImageFromUrl.app; sourceTree = BUILT_PRODUCTS_DIR; };
		C2082491224DE6420025A550 /* AppDelegate.swift */ = {isa = PBXFileReference; lastKnownFileType = sourcecode.swift; path = AppDelegate.swift; sourceTree = "<group>"; };
		C2082493224DE6420025A550 /* ViewController.swift */ = {isa = PBXFileReference; lastKnownFileType = sourcecode.swift; path = ViewController.swift; sourceTree = "<group>"; };
		C2082496224DE6420025A550 /* Base */ = {isa = PBXFileReference; lastKnownFileType = file.storyboard; name = Base; path = Base.lproj/Main.storyboard; sourceTree = "<group>"; };
		C2082498224DE64D0025A550 /* Assets.xcassets */ = {isa = PBXFileReference; lastKnownFileType = folder.assetcatalog; path = Assets.xcassets; sourceTree = "<group>"; };
		C208249B224DE64D0025A550 /* Base */ = {isa = PBXFileReference; lastKnownFileType = file.storyboard; name = Base; path = Base.lproj/LaunchScreen.storyboard; sourceTree = "<group>"; };
		C208249D224DE64D0025A550 /* Info.plist */ = {isa = PBXFileReference; lastKnownFileType = text.plist.xml; path = Info.plist; sourceTree = "<group>"; };
		C20824A2224DE64D0025A550 /* ReteiveImageFromUrlTests.xctest */ = {isa = PBXFileReference; explicitFileType = wrapper.cfbundle; includeInIndex = 0; path = ReteiveImageFromUrlTests.xctest; sourceTree = BUILT_PRODUCTS_DIR; };
		C20824A6224DE64D0025A550 /* ReteiveImageFromUrlTests.swift */ = {isa = PBXFileReference; lastKnownFileType = sourcecode.swift; path = ReteiveImageFromUrlTests.swift; sourceTree = "<group>"; };
		C20824A8224DE64D0025A550 /* Info.plist */ = {isa = PBXFileReference; lastKnownFileType = text.plist.xml; path = Info.plist; sourceTree = "<group>"; };
		C20824AD224DE64D0025A550 /* ReteiveImageFromUrlUITests.xctest */ = {isa = PBXFileReference; explicitFileType = wrapper.cfbundle; includeInIndex = 0; path = ReteiveImageFromUrlUITests.xctest; sourceTree = BUILT_PRODUCTS_DIR; };
		C20824B1224DE64D0025A550 /* ReteiveImageFromUrlUITests.swift */ = {isa = PBXFileReference; lastKnownFileType = sourcecode.swift; path = ReteiveImageFromUrlUITests.swift; sourceTree = "<group>"; };
		C20824B3224DE64D0025A550 /* Info.plist */ = {isa = PBXFileReference; lastKnownFileType = text.plist.xml; path = Info.plist; sourceTree = "<group>"; };
		C20824BF224DE88C0025A550 /* ImageTableViewCell.swift */ = {isa = PBXFileReference; lastKnownFileType = sourcecode.swift; path = ImageTableViewCell.swift; sourceTree = "<group>"; };
/* End PBXFileReference section */

/* Begin PBXFrameworksBuildPhase section */
		C208248B224DE6420025A550 /* Frameworks */ = {
			isa = PBXFrameworksBuildPhase;
			buildActionMask = 2147483647;
			files = (
			);
			runOnlyForDeploymentPostprocessing = 0;
		};
		C208249F224DE64D0025A550 /* Frameworks */ = {
			isa = PBXFrameworksBuildPhase;
			buildActionMask = 2147483647;
			files = (
			);
			runOnlyForDeploymentPostprocessing = 0;
		};
		C20824AA224DE64D0025A550 /* Frameworks */ = {
			isa = PBXFrameworksBuildPhase;
			buildActionMask = 2147483647;
			files = (
			);
			runOnlyForDeploymentPostprocessing = 0;
		};
/* End PBXFrameworksBuildPhase section */

/* Begin PBXGroup section */
		C2082485224DE6420025A550 = {
			isa = PBXGroup;
			children = (
				C2082490224DE6420025A550 /* ReteiveImageFromUrl */,
				C20824A5224DE64D0025A550 /* ReteiveImageFromUrlTests */,
				C20824B0224DE64D0025A550 /* ReteiveImageFromUrlUITests */,
				C208248F224DE6420025A550 /* Products */,
			);
			sourceTree = "<group>";
		};
		C208248F224DE6420025A550 /* Products */ = {
			isa = PBXGroup;
			children = (
				C208248E224DE6420025A550 /* ReteiveImageFromUrl.app */,
				C20824A2224DE64D0025A550 /* ReteiveImageFromUrlTests.xctest */,
				C20824AD224DE64D0025A550 /* ReteiveImageFromUrlUITests.xctest */,
			);
			name = Products;
			sourceTree = "<group>";
		};
		C2082490224DE6420025A550 /* ReteiveImageFromUrl */ = {
			isa = PBXGroup;
			children = (
				C2082491224DE6420025A550 /* AppDelegate.swift */,
				C20824BF224DE88C0025A550 /* ImageTableViewCell.swift */,
				C2082493224DE6420025A550 /* ViewController.swift */,
				C2082495224DE6420025A550 /* Main.storyboard */,
				C2082498224DE64D0025A550 /* Assets.xcassets */,
				C208249A224DE64D0025A550 /* LaunchScreen.storyboard */,
				C208249D224DE64D0025A550 /* Info.plist */,
			);
			path = ReteiveImageFromUrl;
			sourceTree = "<group>";
		};
		C20824A5224DE64D0025A550 /* ReteiveImageFromUrlTests */ = {
			isa = PBXGroup;
			children = (
				C20824A6224DE64D0025A550 /* ReteiveImageFromUrlTests.swift */,
				C20824A8224DE64D0025A550 /* Info.plist */,
			);
			path = ReteiveImageFromUrlTests;
			sourceTree = "<group>";
		};
		C20824B0224DE64D0025A550 /* ReteiveImageFromUrlUITests */ = {
			isa = PBXGroup;
			children = (
				C20824B1224DE64D0025A550 /* ReteiveImageFromUrlUITests.swift */,
				C20824B3224DE64D0025A550 /* Info.plist */,
			);
			path = ReteiveImageFromUrlUITests;
			sourceTree = "<group>";
		};
/* End PBXGroup section */

/* Begin PBXNativeTarget section */
		C208248D224DE6420025A550 /* ReteiveImageFromUrl */ = {
			isa = PBXNativeTarget;
			buildConfigurationList = C20824B6224DE64D0025A550 /* Build configuration list for PBXNativeTarget "ReteiveImageFromUrl" */;
			buildPhases = (
				C208248A224DE6420025A550 /* Sources */,
				C208248B224DE6420025A550 /* Frameworks */,
				C208248C224DE6420025A550 /* Resources */,
			);
			buildRules = (
			);
			dependencies = (
			);
			name = ReteiveImageFromUrl;
			productName = ReteiveImageFromUrl;
			productReference = C208248E224DE6420025A550 /* ReteiveImageFromUrl.app */;
			productType = "com.apple.product-type.application";
		};
		C20824A1224DE64D0025A550 /* ReteiveImageFromUrlTests */ = {
			isa = PBXNativeTarget;
			buildConfigurationList = C20824B9224DE64D0025A550 /* Build configuration list for PBXNativeTarget "ReteiveImageFromUrlTests" */;
			buildPhases = (
				C208249E224DE64D0025A550 /* Sources */,
				C208249F224DE64D0025A550 /* Frameworks */,
				C20824A0224DE64D0025A550 /* Resources */,
			);
			buildRules = (
			);
			dependencies = (
				C20824A4224DE64D0025A550 /* PBXTargetDependency */,
			);
			name = ReteiveImageFromUrlTests;
			productName = ReteiveImageFromUrlTests;
			productReference = C20824A2224DE64D0025A550 /* ReteiveImageFromUrlTests.xctest */;
			productType = "com.apple.product-type.bundle.unit-test";
		};
		C20824AC224DE64D0025A550 /* ReteiveImageFromUrlUITests */ = {
			isa = PBXNativeTarget;
			buildConfigurationList = C20824BC224DE64D0025A550 /* Build configuration list for PBXNativeTarget "ReteiveImageFromUrlUITests" */;
			buildPhases = (
				C20824A9224DE64D0025A550 /* Sources */,
				C20824AA224DE64D0025A550 /* Frameworks */,
				C20824AB224DE64D0025A550 /* Resources */,
			);
			buildRules = (
			);
			dependencies = (
				C20824AF224DE64D0025A550 /* PBXTargetDependency */,
			);
			name = ReteiveImageFromUrlUITests;
			productName = ReteiveImageFromUrlUITests;
			productReference = C20824AD224DE64D0025A550 /* ReteiveImageFromUrlUITests.xctest */;
			productType = "com.apple.product-type.bundle.ui-testing";
		};
/* End PBXNativeTarget section */

/* Begin PBXProject section */
		C2082486224DE6420025A550 /* Project object */ = {
			isa = PBXProject;
			attributes = {
				LastSwiftUpdateCheck = 0940;
				LastUpgradeCheck = 0940;
				ORGANIZATIONNAME = Atmaja;
				TargetAttributes = {
					C208248D224DE6420025A550 = {
						CreatedOnToolsVersion = 9.4.1;
					};
					C20824A1224DE64D0025A550 = {
						CreatedOnToolsVersion = 9.4.1;
						TestTargetID = C208248D224DE6420025A550;
					};
					C20824AC224DE64D0025A550 = {
						CreatedOnToolsVersion = 9.4.1;
						TestTargetID = C208248D224DE6420025A550;
					};
				};
			};
			buildConfigurationList = C2082489224DE6420025A550 /* Build configuration list for PBXProject "ReteiveImageFromUrl" */;
			compatibilityVersion = "Xcode 9.3";
			developmentRegion = en;
			hasScannedForEncodings = 0;
			knownRegions = (
				en,
				Base,
			);
			mainGroup = C2082485224DE6420025A550;
			productRefGroup = C208248F224DE6420025A550 /* Products */;
			projectDirPath = "";
			projectRoot = "";
			targets = (
				C208248D224DE6420025A550 /* ReteiveImageFromUrl */,
				C20824A1224DE64D0025A550 /* ReteiveImageFromUrlTests */,
				C20824AC224DE64D0025A550 /* ReteiveImageFromUrlUITests */,
			);
		};
/* End PBXProject section */

/* Begin PBXResourcesBuildPhase section */
		C208248C224DE6420025A550 /* Resources */ = {
			isa = PBXResourcesBuildPhase;
			buildActionMask = 2147483647;
			files = (
				C208249C224DE64D0025A550 /* LaunchScreen.storyboard in Resources */,
				C2082499224DE64D0025A550 /* Assets.xcassets in Resources */,
				C2082497224DE6420025A550 /* Main.storyboard in Resources */,
			);
			runOnlyForDeploymentPostprocessing = 0;
		};
		C20824A0224DE64D0025A550 /* Resources */ = {
			isa = PBXResourcesBuildPhase;
			buildActionMask = 2147483647;
			files = (
			);
			runOnlyForDeploymentPostprocessing = 0;
		};
		C20824AB224DE64D0025A550 /* Resources */ = {
			isa = PBXResourcesBuildPhase;
			buildActionMask = 2147483647;
			files = (
			);
			runOnlyForDeploymentPostprocessing = 0;
		};
/* End PBXResourcesBuildPhase section */

/* Begin PBXSourcesBuildPhase section */
		C208248A224DE6420025A550 /* Sources */ = {
			isa = PBXSourcesBuildPhase;
			buildActionMask = 2147483647;
			files = (
				C20824C0224DE88C0025A550 /* ImageTableViewCell.swift in Sources */,
				C2082494224DE6420025A550 /* ViewController.swift in Sources */,
				C2082492224DE6420025A550 /* AppDelegate.swift in Sources */,
			);
			runOnlyForDeploymentPostprocessing = 0;
		};
		C208249E224DE64D0025A550 /* Sources */ = {
			isa = PBXSourcesBuildPhase;
			buildActionMask = 2147483647;
			files = (
				C20824A7224DE64D0025A550 /* ReteiveImageFromUrlTests.swift in Sources */,
			);
			runOnlyForDeploymentPostprocessing = 0;
		};
		C20824A9224DE64D0025A550 /* Sources */ = {
			isa = PBXSourcesBuildPhase;
			buildActionMask = 2147483647;
			files = (
				C20824B2224DE64D0025A550 /* ReteiveImageFromUrlUITests.swift in Sources */,
			);
			runOnlyForDeploymentPostprocessing = 0;
		};
/* End PBXSourcesBuildPhase section */

/* Begin PBXTargetDependency section */
		C20824A4224DE64D0025A550 /* PBXTargetDependency */ = {
			isa = PBXTargetDependency;
			target = C208248D224DE6420025A550 /* ReteiveImageFromUrl */;
			targetProxy = C20824A3224DE64D0025A550 /* PBXContainerItemProxy */;
		};
		C20824AF224DE64D0025A550 /* PBXTargetDependency */ = {
			isa = PBXTargetDependency;
			target = C208248D224DE6420025A550 /* ReteiveImageFromUrl */;
			targetProxy = C20824AE224DE64D0025A550 /* PBXContainerItemProxy */;
		};
/* End PBXTargetDependency section */

/* Begin PBXVariantGroup section */
		C2082495224DE6420025A550 /* Main.storyboard */ = {
			isa = PBXVariantGroup;
			children = (
				C2082496224DE6420025A550 /* Base */,
			);
			name = Main.storyboard;
			sourceTree = "<group>";
		};
		C208249A224DE64D0025A550 /* LaunchScreen.storyboard */ = {
			isa = PBXVariantGroup;
			children = (
				C208249B224DE64D0025A550 /* Base */,
			);
			name = LaunchScreen.storyboard;
			sourceTree = "<group>";
		};
/* End PBXVariantGroup section */

/* Begin XCBuildConfiguration section */
		C20824B4224DE64D0025A550 /* Debug */ = {
			isa = XCBuildConfiguration;
			buildSettings = {
				ALWAYS_SEARCH_USER_PATHS = NO;
				CLANG_ANALYZER_NONNULL = YES;
				CLANG_ANALYZER_NUMBER_OBJECT_CONVERSION = YES_AGGRESSIVE;
				CLANG_CXX_LANGUAGE_STANDARD = "gnu++14";
				CLANG_CXX_LIBRARY = "libc++";
				CLANG_ENABLE_MODULES = YES;
				CLANG_ENABLE_OBJC_ARC = YES;
				CLANG_ENABLE_OBJC_WEAK = YES;
				CLANG_WARN_BLOCK_CAPTURE_AUTORELEASING = YES;
				CLANG_WARN_BOOL_CONVERSION = YES;
				CLANG_WARN_COMMA = YES;
				CLANG_WARN_CONSTANT_CONVERSION = YES;
				CLANG_WARN_DEPRECATED_OBJC_IMPLEMENTATIONS = YES;
				CLANG_WARN_DIRECT_OBJC_ISA_USAGE = YES_ERROR;
				CLANG_WARN_DOCUMENTATION_COMMENTS = YES;
				CLANG_WARN_EMPTY_BODY = YES;
				CLANG_WARN_ENUM_CONVERSION = YES;
				CLANG_WARN_INFINITE_RECURSION = YES;
				CLANG_WARN_INT_CONVERSION = YES;
				CLANG_WARN_NON_LITERAL_NULL_CONVERSION = YES;
				CLANG_WARN_OBJC_IMPLICIT_RETAIN_SELF = YES;
				CLANG_WARN_OBJC_LITERAL_CONVERSION = YES;
				CLANG_WARN_OBJC_ROOT_CLASS = YES_ERROR;
				CLANG_WARN_RANGE_LOOP_ANALYSIS = YES;
				CLANG_WARN_STRICT_PROTOTYPES = YES;
				CLANG_WARN_SUSPICIOUS_MOVE = YES;
				CLANG_WARN_UNGUARDED_AVAILABILITY = YES_AGGRESSIVE;
				CLANG_WARN_UNREACHABLE_CODE = YES;
				CLANG_WARN__DUPLICATE_METHOD_MATCH = YES;
				CODE_SIGN_IDENTITY = "iPhone Developer";
				COPY_PHASE_STRIP = NO;
				DEBUG_INFORMATION_FORMAT = dwarf;
				ENABLE_STRICT_OBJC_MSGSEND = YES;
				ENABLE_TESTABILITY = YES;
				GCC_C_LANGUAGE_STANDARD = gnu11;
				GCC_DYNAMIC_NO_PIC = NO;
				GCC_NO_COMMON_BLOCKS = YES;
				GCC_OPTIMIZATION_LEVEL = 0;
				GCC_PREPROCESSOR_DEFINITIONS = (
					"DEBUG=1",
					"$(inherited)",
				);
				GCC_WARN_64_TO_32_BIT_CONVERSION = YES;
				GCC_WARN_ABOUT_RETURN_TYPE = YES_ERROR;
				GCC_WARN_UNDECLARED_SELECTOR = YES;
				GCC_WARN_UNINITIALIZED_AUTOS = YES_AGGRESSIVE;
				GCC_WARN_UNUSED_FUNCTION = YES;
				GCC_WARN_UNUSED_VARIABLE = YES;
				IPHONEOS_DEPLOYMENT_TARGET = 11.4;
				MTL_ENABLE_DEBUG_INFO = YES;
				ONLY_ACTIVE_ARCH = YES;
				SDKROOT = iphoneos;
				SWIFT_ACTIVE_COMPILATION_CONDITIONS = DEBUG;
				SWIFT_OPTIMIZATION_LEVEL = "-Onone";
			};
			name = Debug;
		};
		C20824B5224DE64D0025A550 /* Release */ = {
			isa = XCBuildConfiguration;
			buildSettings = {
				ALWAYS_SEARCH_USER_PATHS = NO;
				CLANG_ANALYZER_NONNULL = YES;
				CLANG_ANALYZER_NUMBER_OBJECT_CONVERSION = YES_AGGRESSIVE;
				CLANG_CXX_LANGUAGE_STANDARD = "gnu++14";
				CLANG_CXX_LIBRARY = "libc++";
				CLANG_ENABLE_MODULES = YES;
				CLANG_ENABLE_OBJC_ARC = YES;
				CLANG_ENABLE_OBJC_WEAK = YES;
				CLANG_WARN_BLOCK_CAPTURE_AUTORELEASING = YES;
				CLANG_WARN_BOOL_CONVERSION = YES;
				CLANG_WARN_COMMA = YES;
				CLANG_WARN_CONSTANT_CONVERSION = YES;
				CLANG_WARN_DEPRECATED_OBJC_IMPLEMENTATIONS = YES;
				CLANG_WARN_DIRECT_OBJC_ISA_USAGE = YES_ERROR;
				CLANG_WARN_DOCUMENTATION_COMMENTS = YES;
				CLANG_WARN_EMPTY_BODY = YES;
				CLANG_WARN_ENUM_CONVERSION = YES;
				CLANG_WARN_INFINITE_RECURSION = YES;
				CLANG_WARN_INT_CONVERSION = YES;
				CLANG_WARN_NON_LITERAL_NULL_CONVERSION = YES;
				CLANG_WARN_OBJC_IMPLICIT_RETAIN_SELF = YES;
				CLANG_WARN_OBJC_LITERAL_CONVERSION = YES;
				CLANG_WARN_OBJC_ROOT_CLASS = YES_ERROR;
				CLANG_WARN_RANGE_LOOP_ANALYSIS = YES;
				CLANG_WARN_STRICT_PROTOTYPES = YES;
				CLANG_WARN_SUSPICIOUS_MOVE = YES;
				CLANG_WARN_UNGUARDED_AVAILABILITY = YES_AGGRESSIVE;
				CLANG_WARN_UNREACHABLE_CODE = YES;
				CLANG_WARN__DUPLICATE_METHOD_MATCH = YES;
				CODE_SIGN_IDENTITY = "iPhone Developer";
				COPY_PHASE_STRIP = NO;
				DEBUG_INFORMATION_FORMAT = "dwarf-with-dsym";
				ENABLE_NS_ASSERTIONS = NO;
				ENABLE_STRICT_OBJC_MSGSEND = YES;
				GCC_C_LANGUAGE_STANDARD = gnu11;
				GCC_NO_COMMON_BLOCKS = YES;
				GCC_WARN_64_TO_32_BIT_CONVERSION = YES;
				GCC_WARN_ABOUT_RETURN_TYPE = YES_ERROR;
				GCC_WARN_UNDECLARED_SELECTOR = YES;
				GCC_WARN_UNINITIALIZED_AUTOS = YES_AGGRESSIVE;
				GCC_WARN_UNUSED_FUNCTION = YES;
				GCC_WARN_UNUSED_VARIABLE = YES;
				IPHONEOS_DEPLOYMENT_TARGET = 11.4;
				MTL_ENABLE_DEBUG_INFO = NO;
				SDKROOT = iphoneos;
				SWIFT_COMPILATION_MODE = wholemodule;
				SWIFT_OPTIMIZATION_LEVEL = "-O";
				VALIDATE_PRODUCT = YES;
			};
			name = Release;
		};
		C20824B7224DE64D0025A550 /* Debug */ = {
			isa = XCBuildConfiguration;
			buildSettings = {
				ASSETCATALOG_COMPILER_APPICON_NAME = AppIcon;
				CODE_SIGN_STYLE = Automatic;
				INFOPLIST_FILE = ReteiveImageFromUrl/Info.plist;
				LD_RUNPATH_SEARCH_PATHS = (
					"$(inherited)",
					"@executable_path/Frameworks",
				);
				PRODUCT_BUNDLE_IDENTIFIER = Self.Study.ReteiveImageFromUrl;
				PRODUCT_NAME = "$(TARGET_NAME)";
				SWIFT_VERSION = 4.0;
				TARGETED_DEVICE_FAMILY = "1,2";
			};
			name = Debug;
		};
		C20824B8224DE64D0025A550 /* Release */ = {
			isa = XCBuildConfiguration;
			buildSettings = {
				ASSETCATALOG_COMPILER_APPICON_NAME = AppIcon;
				CODE_SIGN_STYLE = Automatic;
				INFOPLIST_FILE = ReteiveImageFromUrl/Info.plist;
				LD_RUNPATH_SEARCH_PATHS = (
					"$(inherited)",
					"@executable_path/Frameworks",
				);
				PRODUCT_BUNDLE_IDENTIFIER = Self.Study.ReteiveImageFromUrl;
				PRODUCT_NAME = "$(TARGET_NAME)";
				SWIFT_VERSION = 4.0;
				TARGETED_DEVICE_FAMILY = "1,2";
			};
			name = Release;
		};
		C20824BA224DE64D0025A550 /* Debug */ = {
			isa = XCBuildConfiguration;
			buildSettings = {
				ALWAYS_EMBED_SWIFT_STANDARD_LIBRARIES = YES;
				BUNDLE_LOADER = "$(TEST_HOST)";
				CODE_SIGN_STYLE = Automatic;
				INFOPLIST_FILE = ReteiveImageFromUrlTests/Info.plist;
				LD_RUNPATH_SEARCH_PATHS = (
					"$(inherited)",
					"@executable_path/Frameworks",
					"@loader_path/Frameworks",
				);
				PRODUCT_BUNDLE_IDENTIFIER = Self.Study.ReteiveImageFromUrlTests;
				PRODUCT_NAME = "$(TARGET_NAME)";
				SWIFT_VERSION = 4.0;
				TARGETED_DEVICE_FAMILY = "1,2";
				TEST_HOST = "$(BUILT_PRODUCTS_DIR)/ReteiveImageFromUrl.app/ReteiveImageFromUrl";
			};
			name = Debug;
		};
		C20824BB224DE64D0025A550 /* Release */ = {
			isa = XCBuildConfiguration;
			buildSettings = {
				ALWAYS_EMBED_SWIFT_STANDARD_LIBRARIES = YES;
				BUNDLE_LOADER = "$(TEST_HOST)";
				CODE_SIGN_STYLE = Automatic;
				INFOPLIST_FILE = ReteiveImageFromUrlTests/Info.plist;
				LD_RUNPATH_SEARCH_PATHS = (
					"$(inherited)",
					"@executable_path/Frameworks",
					"@loader_path/Frameworks",
				);
				PRODUCT_BUNDLE_IDENTIFIER = Self.Study.ReteiveImageFromUrlTests;
				PRODUCT_NAME = "$(TARGET_NAME)";
				SWIFT_VERSION = 4.0;
				TARGETED_DEVICE_FAMILY = "1,2";
				TEST_HOST = "$(BUILT_PRODUCTS_DIR)/ReteiveImageFromUrl.app/ReteiveImageFromUrl";
			};
			name = Release;
		};
		C20824BD224DE64D0025A550 /* Debug */ = {
			isa = XCBuildConfiguration;
			buildSettings = {
				ALWAYS_EMBED_SWIFT_STANDARD_LIBRARIES = YES;
				CODE_SIGN_STYLE = Automatic;
				INFOPLIST_FILE = ReteiveImageFromUrlUITests/Info.plist;
				LD_RUNPATH_SEARCH_PATHS = (
					"$(inherited)",
					"@executable_path/Frameworks",
					"@loader_path/Frameworks",
				);
				PRODUCT_BUNDLE_IDENTIFIER = Self.Study.ReteiveImageFromUrlUITests;
				PRODUCT_NAME = "$(TARGET_NAME)";
				SWIFT_VERSION = 4.0;
				TARGETED_DEVICE_FAMILY = "1,2";
				TEST_TARGET_NAME = ReteiveImageFromUrl;
			};
			name = Debug;
		};
		C20824BE224DE64D0025A550 /* Release */ = {
			isa = XCBuildConfiguration;
			buildSettings = {
				ALWAYS_EMBED_SWIFT_STANDARD_LIBRARIES = YES;
				CODE_SIGN_STYLE = Automatic;
				INFOPLIST_FILE = ReteiveImageFromUrlUITests/Info.plist;
				LD_RUNPATH_SEARCH_PATHS = (
					"$(inherited)",
					"@executable_path/Frameworks",
					"@loader_path/Frameworks",
				);
				PRODUCT_BUNDLE_IDENTIFIER = Self.Study.ReteiveImageFromUrlUITests;
				PRODUCT_NAME = "$(TARGET_NAME)";
				SWIFT_VERSION = 4.0;
				TARGETED_DEVICE_FAMILY = "1,2";
				TEST_TARGET_NAME = ReteiveImageFromUrl;
			};
			name = Release;
		};
/* End XCBuildConfiguration section */

/* Begin XCConfigurationList section */
		C2082489224DE6420025A550 /* Build configuration list for PBXProject "ReteiveImageFromUrl" */ = {
			isa = XCConfigurationList;
			buildConfigurations = (
				C20824B4224DE64D0025A550 /* Debug */,
				C20824B5224DE64D0025A550 /* Release */,
			);
			defaultConfigurationIsVisible = 0;
			defaultConfigurationName = Release;
		};
		C20824B6224DE64D0025A550 /* Build configuration list for PBXNativeTarget "ReteiveImageFromUrl" */ = {
			isa = XCConfigurationList;
			buildConfigurations = (
				C20824B7224DE64D0025A550 /* Debug */,
				C20824B8224DE64D0025A550 /* Release */,
			);
			defaultConfigurationIsVisible = 0;
			defaultConfigurationName = Release;
		};
		C20824B9224DE64D0025A550 /* Build configuration list for PBXNativeTarget "ReteiveImageFromUrlTests" */ = {
			isa = XCConfigurationList;
			buildConfigurations = (
				C20824BA224DE64D0025A550 /* Debug */,
				C20824BB224DE64D0025A550 /* Release */,
			);
			defaultConfigurationIsVisible = 0;
			defaultConfigurationName = Release;
		};
		C20824BC224DE64D0025A550 /* Build configuration list for PBXNativeTarget "ReteiveImageFromUrlUITests" */ = {
			isa = XCConfigurationList;
			buildConfigurations = (
				C20824BD224DE64D0025A550 /* Debug */,
				C20824BE224DE64D0025A550 /* Release */,
			);
			defaultConfigurationIsVisible = 0;
			defaultConfigurationName = Release;
		};
/* End XCConfigurationList section */
	};
	rootObject = C2082486224DE6420025A550 /* Project object */;
}
